Microsoft Visual Studio Solution File, Format Version 12.00
# Visual Studio Version 17
VisualStudioVersion = 17.8.0.0
MinimumVisualStudioVersion = 17.8.0.0
Project("{9A19103F-16F7-4668-BE54-9A1E7A4F7556}") = "UserManagement.AppHost", "src\UserManagement.AppHost\UserManagement.AppHost.csproj", "{FDF7D517-6605-4818-97E8-5948BDEC95AE}"
EndProject
Project("{9A19103F-16F7-4668-BE54-9A1E7A4F7556}") = "UserManagement.ServiceDefaults", "src\UserManagement.ServiceDefaults\UserManagement.ServiceDefaults.csproj", "{62A7B5B0-DA5D-4CD2-839C-2EDF4F850DDF}"
EndProject
Project("{FAE04EC0-301F-11D3-BF4B-00C04F79EFBC}") = "UserManagement.Api", "src\UserManagement.Api\UserManagement.Api.csproj", "{AACCE36C-12AF-4F40-88BE-3DFC31405262}"
EndProject
Global
	GlobalSection(SolutionConfigurationPlatforms) = preSolution
		Debug|Any CPU = Debug|Any CPU
		Release|Any CPU = Release|Any CPU
	EndGlobalSection
	GlobalSection(ProjectConfigurationPlatforms) = postSolution
		{FDF7D517-6605-4818-97E8-5948BDEC95AE}.Debug|Any CPU.ActiveCfg = Debug|Any CPU
		{FDF7D517-6605-4818-97E8-5948BDEC95AE}.Debug|Any CPU.Build.0 = Debug|Any CPU
		{FDF7D517-6605-4818-97E8-5948BDEC95AE}.Release|Any CPU.ActiveCfg = Release|Any CPU
		{FDF7D517-6605-4818-97E8-5948BDEC95AE}.Release|Any CPU.Build.0 = Release|Any CPU
		{62A7B5B0-DA5D-4CD2-839C-2EDF4F850DDF}.Debug|Any CPU.ActiveCfg = Debug|Any CPU
		{62A7B5B0-DA5D-4CD2-839C-2EDF4F850DDF}.Debug|Any CPU.Build.0 = Debug|Any CPU
		{62A7B5B0-DA5D-4CD2-839C-2EDF4F850DDF}.Release|Any CPU.ActiveCfg = Release|Any CPU
		{62A7B5B0-DA5D-4CD2-839C-2EDF4F850DDF}.Release|Any CPU.Build.0 = Release|Any CPU
		{AACCE36C-12AF-4F40-88BE-3DFC31405262}.Debug|Any CPU.ActiveCfg = Debug|Any CPU
		{AACCE36C-12AF-4F40-88BE-3DFC31405262}.Debug|Any CPU.Build.0 = Debug|Any CPU
		{AACCE36C-12AF-4F40-88BE-3DFC31405262}.Release|Any CPU.ActiveCfg = Release|Any CPU
		{AACCE36C-12AF-4F40-88BE-3DFC31405262}.Release|Any CPU.Build.0 = Release|Any CPU
	EndGlobalSection
	GlobalSection(SolutionProperties) = preSolution
		HideSolutionNode = FALSE
	EndGlobalSection
	GlobalSection(ExtensibilityGlobals) = postSolution
		SolutionGuid = {595C3EB8-C27D-4ABA-902F-368B92575FA6}
	EndGlobalSection
	GlobalSection(NestedProjects) = preSolution
		{AACCE36C-12AF-4F40-88BE-3DFC31405262} = {02D8E6FA-B0F4-4F35-9D1F-FB4CACA52760}
	EndGlobalSection
EndGlobal
