
Microsoft Visual Studio Solution File, Format Version 12.00
# Visual Studio Version 17
VisualStudioVersion = 17.8.0.0
MinimumVisualStudioVersion = 17.8.0.0
Project("{9A19103F-16F7-4668-BE54-9A1E7A4F7556}") = "UserManagement.Api", "src\UserManagement.Api\UserManagement.Api.csproj", "{DFD8E25D-C442-41F8-8A5B-0977C980475F}"
EndProject
Project("{9A19103F-16F7-4668-BE54-9A1E7A4F7556}") = "UserManagement.AppHost", "src\UserManagement.AppHost\UserManagement.AppHost.csproj", "{8704D2ED-2F06-4E18-A951-983B1F5A2FB5}"
EndProject
Project("{9A19103F-16F7-4668-BE54-9A1E7A4F7556}") = "UserManagement.ServiceDefaults", "src\UserManagement.ServiceDefaults\UserManagement.ServiceDefaults.csproj", "{8DFFB2BE-BA1F-4959-A509-8612EB4CBE3E}"
EndProject
Project("{FAE04EC0-301F-11D3-BF4B-00C04F79EFBC}") = "FlintSoft.Permissions", "src\FlintSoft.Permissions\FlintSoft.Permissions.csproj", "{E9A004A1-3E46-4787-8265-34C40BE794A9}"
EndProject
Global
	GlobalSection(SolutionConfigurationPlatforms) = preSolution
		Debug|Any CPU = Debug|Any CPU
		Release|Any CPU = Release|Any CPU
	EndGlobalSection
	GlobalSection(ProjectConfigurationPlatforms) = postSolution
		{DFD8E25D-C442-41F8-8A5B-0977C980475F}.Debug|Any CPU.ActiveCfg = Debug|Any CPU
		{DFD8E25D-C442-41F8-8A5B-0977C980475F}.Debug|Any CPU.Build.0 = Debug|Any CPU
		{DFD8E25D-C442-41F8-8A5B-0977C980475F}.Release|Any CPU.ActiveCfg = Release|Any CPU
		{DFD8E25D-C442-41F8-8A5B-0977C980475F}.Release|Any CPU.Build.0 = Release|Any CPU
		{8704D2ED-2F06-4E18-A951-983B1F5A2FB5}.Debug|Any CPU.ActiveCfg = Debug|Any CPU
		{8704D2ED-2F06-4E18-A951-983B1F5A2FB5}.Debug|Any CPU.Build.0 = Debug|Any CPU
		{8704D2ED-2F06-4E18-A951-983B1F5A2FB5}.Release|Any CPU.ActiveCfg = Release|Any CPU
		{8704D2ED-2F06-4E18-A951-983B1F5A2FB5}.Release|Any CPU.Build.0 = Release|Any CPU
		{8DFFB2BE-BA1F-4959-A509-8612EB4CBE3E}.Debug|Any CPU.ActiveCfg = Debug|Any CPU
		{8DFFB2BE-BA1F-4959-A509-8612EB4CBE3E}.Debug|Any CPU.Build.0 = Debug|Any CPU
		{8DFFB2BE-BA1F-4959-A509-8612EB4CBE3E}.Release|Any CPU.ActiveCfg = Release|Any CPU
		{8DFFB2BE-BA1F-4959-A509-8612EB4CBE3E}.Release|Any CPU.Build.0 = Release|Any CPU
		{E9A004A1-3E46-4787-8265-34C40BE794A9}.Debug|Any CPU.ActiveCfg = Debug|Any CPU
		{E9A004A1-3E46-4787-8265-34C40BE794A9}.Debug|Any CPU.Build.0 = Debug|Any CPU
		{E9A004A1-3E46-4787-8265-34C40BE794A9}.Release|Any CPU.ActiveCfg = Release|Any CPU
		{E9A004A1-3E46-4787-8265-34C40BE794A9}.Release|Any CPU.Build.0 = Release|Any CPU
	EndGlobalSection
	GlobalSection(SolutionProperties) = preSolution
		HideSolutionNode = FALSE
	EndGlobalSection
	GlobalSection(ExtensibilityGlobals) = postSolution
		SolutionGuid = {595C3EB8-C27D-4ABA-902F-368B92575FA6}
	EndGlobalSection
EndGlobal
